// !$*UTF8*$!
{
	archiveVersion = 1;
	classes = {
	};
	objectVersion = 50;
	objects = {

/* Begin PBXBuildFile section */
		13DA4402243AC24400C8BF06 /* AppDelegate.swift in Sources */ = {isa = PBXBuildFile; fileRef = 13DA4401243AC24400C8BF06 /* AppDelegate.swift */; };
		13DA4404243AC24400C8BF06 /* SceneDelegate.swift in Sources */ = {isa = PBXBuildFile; fileRef = 13DA4403243AC24400C8BF06 /* SceneDelegate.swift */; };
		13DA4406243AC24400C8BF06 /* FirstViewController.swift in Sources */ = {isa = PBXBuildFile; fileRef = 13DA4405243AC24400C8BF06 /* FirstViewController.swift */; };
		13DA4409243AC24400C8BF06 /* Main.storyboard in Resources */ = {isa = PBXBuildFile; fileRef = 13DA4407243AC24400C8BF06 /* Main.storyboard */; };
		13DA440B243AC24600C8BF06 /* Assets.xcassets in Resources */ = {isa = PBXBuildFile; fileRef = 13DA440A243AC24600C8BF06 /* Assets.xcassets */; };
		13DA440E243AC24600C8BF06 /* LaunchScreen.storyboard in Resources */ = {isa = PBXBuildFile; fileRef = 13DA440C243AC24600C8BF06 /* LaunchScreen.storyboard */; };
		13DA4419243AC24600C8BF06 /* Find_Your_BMITests.swift in Sources */ = {isa = PBXBuildFile; fileRef = 13DA4418243AC24600C8BF06 /* Find_Your_BMITests.swift */; };
		13DA4424243AC24600C8BF06 /* Find_Your_BMIUITests.swift in Sources */ = {isa = PBXBuildFile; fileRef = 13DA4423243AC24600C8BF06 /* Find_Your_BMIUITests.swift */; };
		13DA4434243AED7E00C8BF06 /* ResultViewController.swift in Sources */ = {isa = PBXBuildFile; fileRef = 13DA4433243AED7E00C8BF06 /* ResultViewController.swift */; };
/* End PBXBuildFile section */

/* Begin PBXContainerItemProxy section */
		13DA4415243AC24600C8BF06 /* PBXContainerItemProxy */ = {
			isa = PBXContainerItemProxy;
			containerPortal = 13DA43F6243AC24400C8BF06 /* Project object */;
			proxyType = 1;
			remoteGlobalIDString = 13DA43FD243AC24400C8BF06;
			remoteInfo = "Find Your BMI";
		};
		13DA4420243AC24600C8BF06 /* PBXContainerItemProxy */ = {
			isa = PBXContainerItemProxy;
			containerPortal = 13DA43F6243AC24400C8BF06 /* Project object */;
			proxyType = 1;
			remoteGlobalIDString = 13DA43FD243AC24400C8BF06;
			remoteInfo = "Find Your BMI";
		};
/* End PBXContainerItemProxy section */

/* Begin PBXFileReference section */
		13DA43FE243AC24400C8BF06 /* Find Your BMI.app */ = {isa = PBXFileReference; explicitFileType = wrapper.application; includeInIndex = 0; path = "Find Your BMI.app"; sourceTree = BUILT_PRODUCTS_DIR; };
		13DA4401243AC24400C8BF06 /* AppDelegate.swift */ = {isa = PBXFileReference; lastKnownFileType = sourcecode.swift; path = AppDelegate.swift; sourceTree = "<group>"; };
		13DA4403243AC24400C8BF06 /* SceneDelegate.swift */ = {isa = PBXFileReference; lastKnownFileType = sourcecode.swift; path = SceneDelegate.swift; sourceTree = "<group>"; };
		13DA4405243AC24400C8BF06 /* FirstViewController.swift */ = {isa = PBXFileReference; lastKnownFileType = sourcecode.swift; path = FirstViewController.swift; sourceTree = "<group>"; };
		13DA4408243AC24400C8BF06 /* Base */ = {isa = PBXFileReference; lastKnownFileType = file.storyboard; name = Base; path = Base.lproj/Main.storyboard; sourceTree = "<group>"; };
		13DA440A243AC24600C8BF06 /* Assets.xcassets */ = {isa = PBXFileReference; lastKnownFileType = folder.assetcatalog; path = Assets.xcassets; sourceTree = "<group>"; };
		13DA440D243AC24600C8BF06 /* Base */ = {isa = PBXFileReference; lastKnownFileType = file.storyboard; name = Base; path = Base.lproj/LaunchScreen.storyboard; sourceTree = "<group>"; };
		13DA440F243AC24600C8BF06 /* Info.plist */ = {isa = PBXFileReference; lastKnownFileType = text.plist.xml; path = Info.plist; sourceTree = "<group>"; };
		13DA4414243AC24600C8BF06 /* Find Your BMITests.xctest */ = {isa = PBXFileReference; explicitFileType = wrapper.cfbundle; includeInIndex = 0; path = "Find Your BMITests.xctest"; sourceTree = BUILT_PRODUCTS_DIR; };
		13DA4418243AC24600C8BF06 /* Find_Your_BMITests.swift */ = {isa = PBXFileReference; lastKnownFileType = sourcecode.swift; path = Find_Your_BMITests.swift; sourceTree = "<group>"; };
		13DA441A243AC24600C8BF06 /* Info.plist */ = {isa = PBXFileReference; lastKnownFileType = text.plist.xml; path = Info.plist; sourceTree = "<group>"; };
		13DA441F243AC24600C8BF06 /* Find Your BMIUITests.xctest */ = {isa = PBXFileReference; explicitFileType = wrapper.cfbundle; includeInIndex = 0; path = "Find Your BMIUITests.xctest"; sourceTree = BUILT_PRODUCTS_DIR; };
		13DA4423243AC24600C8BF06 /* Find_Your_BMIUITests.swift */ = {isa = PBXFileReference; lastKnownFileType = sourcecode.swift; path = Find_Your_BMIUITests.swift; sourceTree = "<group>"; };
		13DA4425243AC24600C8BF06 /* Info.plist */ = {isa = PBXFileReference; lastKnownFileType = text.plist.xml; path = Info.plist; sourceTree = "<group>"; };
		13DA4433243AED7E00C8BF06 /* ResultViewController.swift */ = {isa = PBXFileReference; lastKnownFileType = sourcecode.swift; path = ResultViewController.swift; sourceTree = "<group>"; };
/* End PBXFileReference section */

/* Begin PBXFrameworksBuildPhase section */
		13DA43FB243AC24400C8BF06 /* Frameworks */ = {
			isa = PBXFrameworksBuildPhase;
			buildActionMask = 2147483647;
			files = (
			);
			runOnlyForDeploymentPostprocessing = 0;
		};
		13DA4411243AC24600C8BF06 /* Frameworks */ = {
			isa = PBXFrameworksBuildPhase;
			buildActionMask = 2147483647;
			files = (
			);
			runOnlyForDeploymentPostprocessing = 0;
		};
		13DA441C243AC24600C8BF06 /* Frameworks */ = {
			isa = PBXFrameworksBuildPhase;
			buildActionMask = 2147483647;
			files = (
			);
			runOnlyForDeploymentPostprocessing = 0;
		};
/* End PBXFrameworksBuildPhase section */

/* Begin PBXGroup section */
		13DA43F5243AC24400C8BF06 = {
			isa = PBXGroup;
			children = (
				13DA4400243AC24400C8BF06 /* Find Your BMI */,
				13DA4417243AC24600C8BF06 /* Find Your BMITests */,
				13DA4422243AC24600C8BF06 /* Find Your BMIUITests */,
				13DA43FF243AC24400C8BF06 /* Products */,
			);
			sourceTree = "<group>";
		};
		13DA43FF243AC24400C8BF06 /* Products */ = {
			isa = PBXGroup;
			children = (
				13DA43FE243AC24400C8BF06 /* Find Your BMI.app */,
				13DA4414243AC24600C8BF06 /* Find Your BMITests.xctest */,
				13DA441F243AC24600C8BF06 /* Find Your BMIUITests.xctest */,
			);
			name = Products;
			sourceTree = "<group>";
		};
		13DA4400243AC24400C8BF06 /* Find Your BMI */ = {
			isa = PBXGroup;
			children = (
				13DA4401243AC24400C8BF06 /* AppDelegate.swift */,
				13DA4403243AC24400C8BF06 /* SceneDelegate.swift */,
				13DA4431243AED2900C8BF06 /* Controllers */,
				13DA4432243AED3400C8BF06 /* View */,
				13DA440A243AC24600C8BF06 /* Assets.xcassets */,
				13DA440F243AC24600C8BF06 /* Info.plist */,
			);
			path = "Find Your BMI";
			sourceTree = "<group>";
		};
		13DA4417243AC24600C8BF06 /* Find Your BMITests */ = {
			isa = PBXGroup;
			children = (
				13DA4418243AC24600C8BF06 /* Find_Your_BMITests.swift */,
				13DA441A243AC24600C8BF06 /* Info.plist */,
			);
			path = "Find Your BMITests";
			sourceTree = "<group>";
		};
		13DA4422243AC24600C8BF06 /* Find Your BMIUITests */ = {
			isa = PBXGroup;
			children = (
				13DA4423243AC24600C8BF06 /* Find_Your_BMIUITests.swift */,
				13DA4425243AC24600C8BF06 /* Info.plist */,
			);
			path = "Find Your BMIUITests";
			sourceTree = "<group>";
		};
		13DA4431243AED2900C8BF06 /* Controllers */ = {
			isa = PBXGroup;
			children = (
				13DA4405243AC24400C8BF06 /* FirstViewController.swift */,
				13DA4433243AED7E00C8BF06 /* ResultViewController.swift */,
			);
			path = Controllers;
			sourceTree = "<group>";
		};
		13DA4432243AED3400C8BF06 /* View */ = {
			isa = PBXGroup;
			children = (
				13DA4407243AC24400C8BF06 /* Main.storyboard */,
				13DA440C243AC24600C8BF06 /* LaunchScreen.storyboard */,
			);
			path = View;
			sourceTree = "<group>";
		};
/* End PBXGroup section */

/* Begin PBXNativeTarget section */
		13DA43FD243AC24400C8BF06 /* Find Your BMI */ = {
			isa = PBXNativeTarget;
			buildConfigurationList = 13DA4428243AC24600C8BF06 /* Build configuration list for PBXNativeTarget "Find Your BMI" */;
			buildPhases = (
				13DA43FA243AC24400C8BF06 /* Sources */,
				13DA43FB243AC24400C8BF06 /* Frameworks */,
				13DA43FC243AC24400C8BF06 /* Resources */,
			);
			buildRules = (
			);
			dependencies = (
			);
			name = "Find Your BMI";
			productName = "Find Your BMI";
			productReference = 13DA43FE243AC24400C8BF06 /* Find Your BMI.app */;
			productType = "com.apple.product-type.application";
		};
		13DA4413243AC24600C8BF06 /* Find Your BMITests */ = {
			isa = PBXNativeTarget;
			buildConfigurationList = 13DA442B243AC24600C8BF06 /* Build configuration list for PBXNativeTarget "Find Your BMITests" */;
			buildPhases = (
				13DA4410243AC24600C8BF06 /* Sources */,
				13DA4411243AC24600C8BF06 /* Frameworks */,
				13DA4412243AC24600C8BF06 /* Resources */,
			);
			buildRules = (
			);
			dependencies = (
				13DA4416243AC24600C8BF06 /* PBXTargetDependency */,
			);
			name = "Find Your BMITests";
			productName = "Find Your BMITests";
			productReference = 13DA4414243AC24600C8BF06 /* Find Your BMITests.xctest */;
			productType = "com.apple.product-type.bundle.unit-test";
		};
		13DA441E243AC24600C8BF06 /* Find Your BMIUITests */ = {
			isa = PBXNativeTarget;
			buildConfigurationList = 13DA442E243AC24600C8BF06 /* Build configuration list for PBXNativeTarget "Find Your BMIUITests" */;
			buildPhases = (
				13DA441B243AC24600C8BF06 /* Sources */,
				13DA441C243AC24600C8BF06 /* Frameworks */,
				13DA441D243AC24600C8BF06 /* Resources */,
			);
			buildRules = (
			);
			dependencies = (
				13DA4421243AC24600C8BF06 /* PBXTargetDependency */,
			);
			name = "Find Your BMIUITests";
			productName = "Find Your BMIUITests";
			productReference = 13DA441F243AC24600C8BF06 /* Find Your BMIUITests.xctest */;
			productType = "com.apple.product-type.bundle.ui-testing";
		};
/* End PBXNativeTarget section */

/* Begin PBXProject section */
		13DA43F6243AC24400C8BF06 /* Project object */ = {
			isa = PBXProject;
			attributes = {
				LastSwiftUpdateCheck = 1130;
				LastUpgradeCheck = 1130;
				TargetAttributes = {
					13DA43FD243AC24400C8BF06 = {
						CreatedOnToolsVersion = 11.3.1;
					};
					13DA4413243AC24600C8BF06 = {
						CreatedOnToolsVersion = 11.3.1;
						TestTargetID = 13DA43FD243AC24400C8BF06;
					};
					13DA441E243AC24600C8BF06 = {
						CreatedOnToolsVersion = 11.3.1;
						TestTargetID = 13DA43FD243AC24400C8BF06;
					};
				};
			};
			buildConfigurationList = 13DA43F9243AC24400C8BF06 /* Build configuration list for PBXProject "Find Your BMI" */;
			compatibilityVersion = "Xcode 9.3";
			developmentRegion = en;
			hasScannedForEncodings = 0;
			knownRegions = (
				en,
				Base,
			);
			mainGroup = 13DA43F5243AC24400C8BF06;
			productRefGroup = 13DA43FF243AC24400C8BF06 /* Products */;
			projectDirPath = "";
			projectRoot = "";
			targets = (
				13DA43FD243AC24400C8BF06 /* Find Your BMI */,
				13DA4413243AC24600C8BF06 /* Find Your BMITests */,
				13DA441E243AC24600C8BF06 /* Find Your BMIUITests */,
			);
		};
/* End PBXProject section */

/* Begin PBXResourcesBuildPhase section */
		13DA43FC243AC24400C8BF06 /* Resources */ = {
			isa = PBXResourcesBuildPhase;
			buildActionMask = 2147483647;
			files = (
				13DA440E243AC24600C8BF06 /* LaunchScreen.storyboard in Resources */,
				13DA440B243AC24600C8BF06 /* Assets.xcassets in Resources */,
				13DA4409243AC24400C8BF06 /* Main.storyboard in Resources */,
			);
			runOnlyForDeploymentPostprocessing = 0;
		};
		13DA4412243AC24600C8BF06 /* Resources */ = {
			isa = PBXResourcesBuildPhase;
			buildActionMask = 2147483647;
			files = (
			);
			runOnlyForDeploymentPostprocessing = 0;
		};
		13DA441D243AC24600C8BF06 /* Resources */ = {
			isa = PBXResourcesBuildPhase;
			buildActionMask = 2147483647;
			files = (
			);
			runOnlyForDeploymentPostprocessing = 0;
		};
/* End PBXResourcesBuildPhase section */

/* Begin PBXSourcesBuildPhase section */
		13DA43FA243AC24400C8BF06 /* Sources */ = {
			isa = PBXSourcesBuildPhase;
			buildActionMask = 2147483647;
			files = (
				13DA4406243AC24400C8BF06 /* FirstViewController.swift in Sources */,
				13DA4402243AC24400C8BF06 /* AppDelegate.swift in Sources */,
				13DA4404243AC24400C8BF06 /* SceneDelegate.swift in Sources */,
				13DA4434243AED7E00C8BF06 /* ResultViewController.swift in Sources */,
			);
			runOnlyForDeploymentPostprocessing = 0;
		};
		13DA4410243AC24600C8BF06 /* Sources */ = {
			isa = PBXSourcesBuildPhase;
			buildActionMask = 2147483647;
			files = (
				13DA4419243AC24600C8BF06 /* Find_Your_BMITests.swift in Sources */,
			);
			runOnlyForDeploymentPostprocessing = 0;
		};
		13DA441B243AC24600C8BF06 /* Sources */ = {
			isa = PBXSourcesBuildPhase;
			buildActionMask = 2147483647;
			files = (
				13DA4424243AC24600C8BF06 /* Find_Your_BMIUITests.swift in Sources */,
			);
			runOnlyForDeploymentPostprocessing = 0;
		};
/* End PBXSourcesBuildPhase section */

/* Begin PBXTargetDependency section */
		13DA4416243AC24600C8BF06 /* PBXTargetDependency */ = {
			isa = PBXTargetDependency;
			target = 13DA43FD243AC24400C8BF06 /* Find Your BMI */;
			targetProxy = 13DA4415243AC24600C8BF06 /* PBXContainerItemProxy */;
		};
		13DA4421243AC24600C8BF06 /* PBXTargetDependency */ = {
			isa = PBXTargetDependency;
			target = 13DA43FD243AC24400C8BF06 /* Find Your BMI */;
			targetProxy = 13DA4420243AC24600C8BF06 /* PBXContainerItemProxy */;
		};
/* End PBXTargetDependency section */

/* Begin PBXVariantGroup section */
		13DA4407243AC24400C8BF06 /* Main.storyboard */ = {
			isa = PBXVariantGroup;
			children = (
				13DA4408243AC24400C8BF06 /* Base */,
			);
			name = Main.storyboard;
			sourceTree = "<group>";
		};
		13DA440C243AC24600C8BF06 /* LaunchScreen.storyboard */ = {
			isa = PBXVariantGroup;
			children = (
				13DA440D243AC24600C8BF06 /* Base */,
			);
			name = LaunchScreen.storyboard;
			sourceTree = "<group>";
		};
/* End PBXVariantGroup section */

/* Begin XCBuildConfiguration section */
		13DA4426243AC24600C8BF06 /* Debug */ = {
			isa = XCBuildConfiguration;
			buildSettings = {
				ALWAYS_SEARCH_USER_PATHS = NO;
				CLANG_ANALYZER_NONNULL = YES;
				CLANG_ANALYZER_NUMBER_OBJECT_CONVERSION = YES_AGGRESSIVE;
				CLANG_CXX_LANGUAGE_STANDARD = "gnu++14";
				CLANG_CXX_LIBRARY = "libc++";
				CLANG_ENABLE_MODULES = YES;
				CLANG_ENABLE_OBJC_ARC = YES;
				CLANG_ENABLE_OBJC_WEAK = YES;
				CLANG_WARN_BLOCK_CAPTURE_AUTORELEASING = YES;
				CLANG_WARN_BOOL_CONVERSION = YES;
				CLANG_WARN_COMMA = YES;
				CLANG_WARN_CONSTANT_CONVERSION = YES;
				CLANG_WARN_DEPRECATED_OBJC_IMPLEMENTATIONS = YES;
				CLANG_WARN_DIRECT_OBJC_ISA_USAGE = YES_ERROR;
				CLANG_WARN_DOCUMENTATION_COMMENTS = YES;
				CLANG_WARN_EMPTY_BODY = YES;
				CLANG_WARN_ENUM_CONVERSION = YES;
				CLANG_WARN_INFINITE_RECURSION = YES;
				CLANG_WARN_INT_CONVERSION = YES;
				CLANG_WARN_NON_LITERAL_NULL_CONVERSION = YES;
				CLANG_WARN_OBJC_IMPLICIT_RETAIN_SELF = YES;
				CLANG_WARN_OBJC_LITERAL_CONVERSION = YES;
				CLANG_WARN_OBJC_ROOT_CLASS = YES_ERROR;
				CLANG_WARN_RANGE_LOOP_ANALYSIS = YES;
				CLANG_WARN_STRICT_PROTOTYPES = YES;
				CLANG_WARN_SUSPICIOUS_MOVE = YES;
				CLANG_WARN_UNGUARDED_AVAILABILITY = YES_AGGRESSIVE;
				CLANG_WARN_UNREACHABLE_CODE = YES;
				CLANG_WARN__DUPLICATE_METHOD_MATCH = YES;
				COPY_PHASE_STRIP = NO;
				DEBUG_INFORMATION_FORMAT = dwarf;
				ENABLE_STRICT_OBJC_MSGSEND = YES;
				ENABLE_TESTABILITY = YES;
				GCC_C_LANGUAGE_STANDARD = gnu11;
				GCC_DYNAMIC_NO_PIC = NO;
				GCC_NO_COMMON_BLOCKS = YES;
				GCC_OPTIMIZATION_LEVEL = 0;
				GCC_PREPROCESSOR_DEFINITIONS = (
					"DEBUG=1",
					"$(inherited)",
				);
				GCC_WARN_64_TO_32_BIT_CONVERSION = YES;
				GCC_WARN_ABOUT_RETURN_TYPE = YES_ERROR;
				GCC_WARN_UNDECLARED_SELECTOR = YES;
				GCC_WARN_UNINITIALIZED_AUTOS = YES_AGGRESSIVE;
				GCC_WARN_UNUSED_FUNCTION = YES;
				GCC_WARN_UNUSED_VARIABLE = YES;
				IPHONEOS_DEPLOYMENT_TARGET = 13.2;
				MTL_ENABLE_DEBUG_INFO = INCLUDE_SOURCE;
				MTL_FAST_MATH = YES;
				ONLY_ACTIVE_ARCH = YES;
				SDKROOT = iphoneos;
				SWIFT_ACTIVE_COMPILATION_CONDITIONS = DEBUG;
				SWIFT_OPTIMIZATION_LEVEL = "-Onone";
			};
			name = Debug;
		};
		13DA4427243AC24600C8BF06 /* Release */ = {
			isa = XCBuildConfiguration;
			buildSettings = {
				ALWAYS_SEARCH_USER_PATHS = NO;
				CLANG_ANALYZER_NONNULL = YES;
				CLANG_ANALYZER_NUMBER_OBJECT_CONVERSION = YES_AGGRESSIVE;
				CLANG_CXX_LANGUAGE_STANDARD = "gnu++14";
				CLANG_CXX_LIBRARY = "libc++";
				CLANG_ENABLE_MODULES = YES;
				CLANG_ENABLE_OBJC_ARC = YES;
				CLANG_ENABLE_OBJC_WEAK = YES;
				CLANG_WARN_BLOCK_CAPTURE_AUTORELEASING = YES;
				CLANG_WARN_BOOL_CONVERSION = YES;
				CLANG_WARN_COMMA = YES;
				CLANG_WARN_CONSTANT_CONVERSION = YES;
				CLANG_WARN_DEPRECATED_OBJC_IMPLEMENTATIONS = YES;
				CLANG_WARN_DIRECT_OBJC_ISA_USAGE = YES_ERROR;
				CLANG_WARN_DOCUMENTATION_COMMENTS = YES;
				CLANG_WARN_EMPTY_BODY = YES;
				CLANG_WARN_ENUM_CONVERSION = YES;
				CLANG_WARN_INFINITE_RECURSION = YES;
				CLANG_WARN_INT_CONVERSION = YES;
				CLANG_WARN_NON_LITERAL_NULL_CONVERSION = YES;
				CLANG_WARN_OBJC_IMPLICIT_RETAIN_SELF = YES;
				CLANG_WARN_OBJC_LITERAL_CONVERSION = YES;
				CLANG_WARN_OBJC_ROOT_CLASS = YES_ERROR;
				CLANG_WARN_RANGE_LOOP_ANALYSIS = YES;
				CLANG_WARN_STRICT_PROTOTYPES = YES;
				CLANG_WARN_SUSPICIOUS_MOVE = YES;
				CLANG_WARN_UNGUARDED_AVAILABILITY = YES_AGGRESSIVE;
				CLANG_WARN_UNREACHABLE_CODE = YES;
				CLANG_WARN__DUPLICATE_METHOD_MATCH = YES;
				COPY_PHASE_STRIP = NO;
				DEBUG_INFORMATION_FORMAT = "dwarf-with-dsym";
				ENABLE_NS_ASSERTIONS = NO;
				ENABLE_STRICT_OBJC_MSGSEND = YES;
				GCC_C_LANGUAGE_STANDARD = gnu11;
				GCC_NO_COMMON_BLOCKS = YES;
				GCC_WARN_64_TO_32_BIT_CONVERSION = YES;
				GCC_WARN_ABOUT_RETURN_TYPE = YES_ERROR;
				GCC_WARN_UNDECLARED_SELECTOR = YES;
				GCC_WARN_UNINITIALIZED_AUTOS = YES_AGGRESSIVE;
				GCC_WARN_UNUSED_FUNCTION = YES;
				GCC_WARN_UNUSED_VARIABLE = YES;
				IPHONEOS_DEPLOYMENT_TARGET = 13.2;
				MTL_ENABLE_DEBUG_INFO = NO;
				MTL_FAST_MATH = YES;
				SDKROOT = iphoneos;
				SWIFT_COMPILATION_MODE = wholemodule;
				SWIFT_OPTIMIZATION_LEVEL = "-O";
				VALIDATE_PRODUCT = YES;
			};
			name = Release;
		};
		13DA4429243AC24600C8BF06 /* Debug */ = {
			isa = XCBuildConfiguration;
			buildSettings = {
				ASSETCATALOG_COMPILER_APPICON_NAME = AppIcon;
				CODE_SIGN_STYLE = Automatic;
				DEVELOPMENT_TEAM = XDCJFPJZ5Z;
				INFOPLIST_FILE = "Find Your BMI/Info.plist";
				LD_RUNPATH_SEARCH_PATHS = (
					"$(inherited)",
					"@executable_path/Frameworks",
				);
				PRODUCT_BUNDLE_IDENTIFIER = "com.nadyapostr-gmail.com.Find-Your-BMI";
				PRODUCT_NAME = "$(TARGET_NAME)";
				SWIFT_VERSION = 5.0;
				TARGETED_DEVICE_FAMILY = "1,2";
			};
			name = Debug;
		};
		13DA442A243AC24600C8BF06 /* Release */ = {
			isa = XCBuildConfiguration;
			buildSettings = {
				ASSETCATALOG_COMPILER_APPICON_NAME = AppIcon;
				CODE_SIGN_STYLE = Automatic;
				DEVELOPMENT_TEAM = XDCJFPJZ5Z;
				INFOPLIST_FILE = "Find Your BMI/Info.plist";
				LD_RUNPATH_SEARCH_PATHS = (
					"$(inherited)",
					"@executable_path/Frameworks",
				);
				PRODUCT_BUNDLE_IDENTIFIER = "com.nadyapostr-gmail.com.Find-Your-BMI";
				PRODUCT_NAME = "$(TARGET_NAME)";
				SWIFT_VERSION = 5.0;
				TARGETED_DEVICE_FAMILY = "1,2";
			};
			name = Release;
		};
		13DA442C243AC24600C8BF06 /* Debug */ = {
			isa = XCBuildConfiguration;
			buildSettings = {
				ALWAYS_EMBED_SWIFT_STANDARD_LIBRARIES = YES;
				BUNDLE_LOADER = "$(TEST_HOST)";
				CODE_SIGN_STYLE = Automatic;
				DEVELOPMENT_TEAM = XDCJFPJZ5Z;
				INFOPLIST_FILE = "Find Your BMITests/Info.plist";
				IPHONEOS_DEPLOYMENT_TARGET = 13.2;
				LD_RUNPATH_SEARCH_PATHS = (
					"$(inherited)",
					"@executable_path/Frameworks",
					"@loader_path/Frameworks",
				);
				PRODUCT_BUNDLE_IDENTIFIER = "com.nadyapostr-gmail.com.Find-Your-BMITests";
				PRODUCT_NAME = "$(TARGET_NAME)";
				SWIFT_VERSION = 5.0;
				TARGETED_DEVICE_FAMILY = "1,2";
				TEST_HOST = "$(BUILT_PRODUCTS_DIR)/Find Your BMI.app/Find Your BMI";
			};
			name = Debug;
		};
		13DA442D243AC24600C8BF06 /* Release */ = {
			isa = XCBuildConfiguration;
			buildSettings = {
				ALWAYS_EMBED_SWIFT_STANDARD_LIBRARIES = YES;
				BUNDLE_LOADER = "$(TEST_HOST)";
				CODE_SIGN_STYLE = Automatic;
				DEVELOPMENT_TEAM = XDCJFPJZ5Z;
				INFOPLIST_FILE = "Find Your BMITests/Info.plist";
				IPHONEOS_DEPLOYMENT_TARGET = 13.2;
				LD_RUNPATH_SEARCH_PATHS = (
					"$(inherited)",
					"@executable_path/Frameworks",
					"@loader_path/Frameworks",
				);
				PRODUCT_BUNDLE_IDENTIFIER = "com.nadyapostr-gmail.com.Find-Your-BMITests";
				PRODUCT_NAME = "$(TARGET_NAME)";
				SWIFT_VERSION = 5.0;
				TARGETED_DEVICE_FAMILY = "1,2";
				TEST_HOST = "$(BUILT_PRODUCTS_DIR)/Find Your BMI.app/Find Your BMI";
			};
			name = Release;
		};
		13DA442F243AC24600C8BF06 /* Debug */ = {
			isa = XCBuildConfiguration;
			buildSettings = {
				ALWAYS_EMBED_SWIFT_STANDARD_LIBRARIES = YES;
				CODE_SIGN_STYLE = Automatic;
				DEVELOPMENT_TEAM = XDCJFPJZ5Z;
				INFOPLIST_FILE = "Find Your BMIUITests/Info.plist";
				LD_RUNPATH_SEARCH_PATHS = (
					"$(inherited)",
					"@executable_path/Frameworks",
					"@loader_path/Frameworks",
				);
				PRODUCT_BUNDLE_IDENTIFIER = "com.nadyapostr-gmail.com.Find-Your-BMIUITests";
				PRODUCT_NAME = "$(TARGET_NAME)";
				SWIFT_VERSION = 5.0;
				TARGETED_DEVICE_FAMILY = "1,2";
				TEST_TARGET_NAME = "Find Your BMI";
			};
			name = Debug;
		};
		13DA4430243AC24600C8BF06 /* Release */ = {
			isa = XCBuildConfiguration;
			buildSettings = {
				ALWAYS_EMBED_SWIFT_STANDARD_LIBRARIES = YES;
				CODE_SIGN_STYLE = Automatic;
				DEVELOPMENT_TEAM = XDCJFPJZ5Z;
				INFOPLIST_FILE = "Find Your BMIUITests/Info.plist";
				LD_RUNPATH_SEARCH_PATHS = (
					"$(inherited)",
					"@executable_path/Frameworks",
					"@loader_path/Frameworks",
				);
				PRODUCT_BUNDLE_IDENTIFIER = "com.nadyapostr-gmail.com.Find-Your-BMIUITests";
				PRODUCT_NAME = "$(TARGET_NAME)";
				SWIFT_VERSION = 5.0;
				TARGETED_DEVICE_FAMILY = "1,2";
				TEST_TARGET_NAME = "Find Your BMI";
			};
			name = Release;
		};
/* End XCBuildConfiguration section */

/* Begin XCConfigurationList section */
		13DA43F9243AC24400C8BF06 /* Build configuration list for PBXProject "Find Your BMI" */ = {
			isa = XCConfigurationList;
			buildConfigurations = (
				13DA4426243AC24600C8BF06 /* Debug */,
				13DA4427243AC24600C8BF06 /* Release */,
			);
			defaultConfigurationIsVisible = 0;
			defaultConfigurationName = Release;
		};
		13DA4428243AC24600C8BF06 /* Build configuration list for PBXNativeTarget "Find Your BMI" */ = {
			isa = XCConfigurationList;
			buildConfigurations = (
				13DA4429243AC24600C8BF06 /* Debug */,
				13DA442A243AC24600C8BF06 /* Release */,
			);
			defaultConfigurationIsVisible = 0;
			defaultConfigurationName = Release;
		};
		13DA442B243AC24600C8BF06 /* Build configuration list for PBXNativeTarget "Find Your BMITests" */ = {
			isa = XCConfigurationList;
			buildConfigurations = (
				13DA442C243AC24600C8BF06 /* Debug */,
				13DA442D243AC24600C8BF06 /* Release */,
			);
			defaultConfigurationIsVisible = 0;
			defaultConfigurationName = Release;
		};
		13DA442E243AC24600C8BF06 /* Build configuration list for PBXNativeTarget "Find Your BMIUITests" */ = {
			isa = XCConfigurationList;
			buildConfigurations = (
				13DA442F243AC24600C8BF06 /* Debug */,
				13DA4430243AC24600C8BF06 /* Release */,
			);
			defaultConfigurationIsVisible = 0;
			defaultConfigurationName = Release;
		};
/* End XCConfigurationList section */
	};
	rootObject = 13DA43F6243AC24400C8BF06 /* Project object */;
}
